
Microsoft Visual Studio Solution File, Format Version 12.00
# Visual Studio Version 17
VisualStudioVersion = 17.4.33205.214
MinimumVisualStudioVersion = 10.0.40219.1
Project("{FAE04EC0-301F-11D3-BF4B-00C04F79EFBC}") = "CRUD.API", "CRUD.API\CRUD.API.csproj", "{D24C5F44-7871-464E-9D76-E18D7074EF66}"
EndProject
Project("{FAE04EC0-301F-11D3-BF4B-00C04F79EFBC}") = "CRUD.Domain", "CRUD.Domain\CRUD.Domain.csproj", "{72362A11-3BC4-41CD-93CA-655144098CBF}"
EndProject
Project("{FAE04EC0-301F-11D3-BF4B-00C04F79EFBC}") = "CRUD.Infra", "CRUD.Infra\CRUD.Infra.csproj", "{A82AB2A7-E62B-40FD-A0B8-DA53D8893763}"
EndProject
Global
	GlobalSection(SolutionConfigurationPlatforms) = preSolution
		Debug|Any CPU = Debug|Any CPU
		Release|Any CPU = Release|Any CPU
	EndGlobalSection
	GlobalSection(ProjectConfigurationPlatforms) = postSolution
		{D24C5F44-7871-464E-9D76-E18D7074EF66}.Debug|Any CPU.ActiveCfg = Debug|Any CPU
		{D24C5F44-7871-464E-9D76-E18D7074EF66}.Debug|Any CPU.Build.0 = Debug|Any CPU
		{D24C5F44-7871-464E-9D76-E18D7074EF66}.Release|Any CPU.ActiveCfg = Release|Any CPU
		{D24C5F44-7871-464E-9D76-E18D7074EF66}.Release|Any CPU.Build.0 = Release|Any CPU
		{72362A11-3BC4-41CD-93CA-655144098CBF}.Debug|Any CPU.ActiveCfg = Debug|Any CPU
		{72362A11-3BC4-41CD-93CA-655144098CBF}.Debug|Any CPU.Build.0 = Debug|Any CPU
		{72362A11-3BC4-41CD-93CA-655144098CBF}.Release|Any CPU.ActiveCfg = Release|Any CPU
		{72362A11-3BC4-41CD-93CA-655144098CBF}.Release|Any CPU.Build.0 = Release|Any CPU
		{A82AB2A7-E62B-40FD-A0B8-DA53D8893763}.Debug|Any CPU.ActiveCfg = Debug|Any CPU
		{A82AB2A7-E62B-40FD-A0B8-DA53D8893763}.Debug|Any CPU.Build.0 = Debug|Any CPU
		{A82AB2A7-E62B-40FD-A0B8-DA53D8893763}.Release|Any CPU.ActiveCfg = Release|Any CPU
		{A82AB2A7-E62B-40FD-A0B8-DA53D8893763}.Release|Any CPU.Build.0 = Release|Any CPU
	EndGlobalSection
	GlobalSection(SolutionProperties) = preSolution
		HideSolutionNode = FALSE
	EndGlobalSection
	GlobalSection(ExtensibilityGlobals) = postSolution
		SolutionGuid = {2CBC02DC-492C-4322-B8BD-F3A20FDC7150}
	EndGlobalSection
EndGlobal
